
Microsoft Visual Studio Solution File, Format Version 12.00
# Visual Studio Version 17
VisualStudioVersion = 17.14.37027.9 d17.14
MinimumVisualStudioVersion = 10.0.40219.1
Project("{FAE04EC0-301F-11D3-BF4B-00C04F79EFBC}") = "Assesment 15 SignUp Classes", "Assesment 15 SignUp Classes.csproj", "{C9825CB2-C068-4AB0-8AA8-68C11D43DFDC}"
EndProject
Global
	GlobalSection(SolutionConfigurationPlatforms) = preSolution
		Debug|Any CPU = Debug|Any CPU
		Release|Any CPU = Release|Any CPU
	EndGlobalSection
	GlobalSection(ProjectConfigurationPlatforms) = postSolution
		{C9825CB2-C068-4AB0-8AA8-68C11D43DFDC}.Debug|Any CPU.ActiveCfg = Debug|Any CPU
		{C9825CB2-C068-4AB0-8AA8-68C11D43DFDC}.Debug|Any CPU.Build.0 = Debug|Any CPU
		{C9825CB2-C068-4AB0-8AA8-68C11D43DFDC}.Release|Any CPU.ActiveCfg = Release|Any CPU
		{C9825CB2-C068-4AB0-8AA8-68C11D43DFDC}.Release|Any CPU.Build.0 = Release|Any CPU
	EndGlobalSection
	GlobalSection(SolutionProperties) = preSolution
		HideSolutionNode = FALSE
	EndGlobalSection
	GlobalSection(ExtensibilityGlobals) = postSolution
		SolutionGuid = {8EA44169-381C-425B-821A-8E6E48E44831}
	EndGlobalSection
EndGlobal
