
Microsoft Visual Studio Solution File, Format Version 12.00
# Visual Studio Version 17
VisualStudioVersion = 17.14.37301.10 d17.14
MinimumVisualStudioVersion = 10.0.40219.1
Project("{FAE04EC0-301F-11D3-BF4B-00C04F79EFBC}") = "PDF Code", "PDF Code.csproj", "{2173CC8B-E7AF-4FEE-B5EE-E5E2508E2DA6}"
EndProject
Global
	GlobalSection(SolutionConfigurationPlatforms) = preSolution
		Debug|Any CPU = Debug|Any CPU
		Release|Any CPU = Release|Any CPU
	EndGlobalSection
	GlobalSection(ProjectConfigurationPlatforms) = postSolution
		{2173CC8B-E7AF-4FEE-B5EE-E5E2508E2DA6}.Debug|Any CPU.ActiveCfg = Debug|Any CPU
		{2173CC8B-E7AF-4FEE-B5EE-E5E2508E2DA6}.Debug|Any CPU.Build.0 = Debug|Any CPU
		{2173CC8B-E7AF-4FEE-B5EE-E5E2508E2DA6}.Release|Any CPU.ActiveCfg = Release|Any CPU
		{2173CC8B-E7AF-4FEE-B5EE-E5E2508E2DA6}.Release|Any CPU.Build.0 = Release|Any CPU
	EndGlobalSection
	GlobalSection(SolutionProperties) = preSolution
		HideSolutionNode = FALSE
	EndGlobalSection
	GlobalSection(ExtensibilityGlobals) = postSolution
		SolutionGuid = {11064A42-EA19-429A-A786-0FB43D81960F}
	EndGlobalSection
EndGlobal
